
Microsoft Visual Studio Solution File, Format Version 12.00
# Visual Studio Version 17
VisualStudioVersion = 17.7.34018.315
MinimumVisualStudioVersion = 10.0.40219.1
Project("{FAE04EC0-301F-11D3-BF4B-00C04F79EFBC}") = "ClaseSabTercerCaso", "ClaseSabTercerCaso\ClaseSabTercerCaso.csproj", "{7D86A05C-55F5-4F71-913E-063834D6E8A4}"
EndProject
Global
	GlobalSection(SolutionConfigurationPlatforms) = preSolution
		Debug|Any CPU = Debug|Any CPU
		Release|Any CPU = Release|Any CPU
	EndGlobalSection
	GlobalSection(ProjectConfigurationPlatforms) = postSolution
		{7D86A05C-55F5-4F71-913E-063834D6E8A4}.Debug|Any CPU.ActiveCfg = Debug|Any CPU
		{7D86A05C-55F5-4F71-913E-063834D6E8A4}.Debug|Any CPU.Build.0 = Debug|Any CPU
		{7D86A05C-55F5-4F71-913E-063834D6E8A4}.Release|Any CPU.ActiveCfg = Release|Any CPU
		{7D86A05C-55F5-4F71-913E-063834D6E8A4}.Release|Any CPU.Build.0 = Release|Any CPU
	EndGlobalSection
	GlobalSection(SolutionProperties) = preSolution
		HideSolutionNode = FALSE
	EndGlobalSection
	GlobalSection(ExtensibilityGlobals) = postSolution
		SolutionGuid = {F2FE95C3-354E-487E-B5B1-02A48EF7F23D}
	EndGlobalSection
EndGlobal
